<?xml version="1.0" encoding="utf-8"?>
<Project ToolsVersion="4.0" xmlns="http://schemas.microsoft.com/developer/msbuild/2003">
  <ItemGroup>
    <ClCompile Include="Animations.cpp" />
    <ClCompile Include="Background.cpp" />
    <ClCompile Include="Boss.cpp" />
    <ClCompile Include="Breakable.cpp" />
    <ClCompile Include="Brick.cpp" />
    <ClCompile Include="Canon.cpp" />
    <ClCompile Include="Domes.cpp" />
    <ClCompile Include="Enemies.cpp" />
    <ClCompile Include="Floaters.cpp" />
    <ClCompile Include="Game.cpp" />
    <ClCompile Include="GameObject.cpp" />
    <ClCompile Include="Insect.cpp" />
    <ClCompile Include="Intro.cpp" />
    <ClCompile Include="Items.cpp" />
    <ClCompile Include="Jason.cpp" />
    <ClCompile Include="JasonOW.cpp" />
    <ClCompile Include="Jumpers.cpp" />
    <ClCompile Include="main.cpp" />
    <ClCompile Include="MonsterBullet.cpp" />
    <ClCompile Include="Mines.cpp" />
    <ClCompile Include="Orbs.cpp" />
    <ClCompile Include="Player.cpp" />
    <ClCompile Include="PlayerBullet.cpp" />
    <ClCompile Include="PlayScence.cpp" />
    <ClCompile Include="Portal.cpp" />
    <ClCompile Include="Scence.cpp" />
    <ClCompile Include="Skulls.cpp" />
    <ClCompile Include="Sophia.cpp" />
    <ClCompile Include="Sprites.cpp" />
    <ClCompile Include="StaticHelpers.cpp" />
    <ClCompile Include="Teleporter.cpp" />
    <ClCompile Include="Textures.cpp" />
    <ClCompile Include="Trap.cpp" />
    <ClCompile Include="UI.cpp" />
    <ClCompile Include="Utils.cpp" />
    <ClCompile Include="Worms.cpp" />
  </ItemGroup>
  <ItemGroup>
    <ClInclude Include="Animations.h" />
    <ClInclude Include="Background.h" />
    <ClInclude Include="Boss.h" />
    <ClInclude Include="Breakable.h" />
    <ClInclude Include="Brick.h" />
    <ClInclude Include="Cannon.h" />
    <ClInclude Include="Config.h" />
    <ClInclude Include="Domes.h" />
    <ClInclude Include="Enemies.h" />
    <ClInclude Include="Floaters.h" />
    <ClInclude Include="Game.h" />
    <ClInclude Include="GameObject.h" />
    <ClInclude Include="Insect.h" />
    <ClInclude Include="Intro.h" />
    <ClInclude Include="Items.h" />
    <ClInclude Include="Jason.h" />
    <ClInclude Include="JasonOW.h" />
    <ClInclude Include="Jumpers.h" />
    <ClInclude Include="KeyEventHandler.h" />
    <ClInclude Include="MonsterBullet.h" />
    <ClInclude Include="Mines.h" />
    <ClInclude Include="Orbs.h" />
    <ClInclude Include="Player.h" />
    <ClInclude Include="PlayerBullet.h" />
    <ClInclude Include="PlayScence.h" />
    <ClInclude Include="Portal.h" />
    <ClInclude Include="Scence.h" />
    <ClInclude Include="Skulls.h" />
    <ClInclude Include="Sophia.h" />
    <ClInclude Include="Sprites.h" />
    <ClInclude Include="StaticHelpers.h" />
    <ClInclude Include="Teleporter.h" />
    <ClInclude Include="Textures.h" />
    <ClInclude Include="Trap.h" />
    <ClInclude Include="UI.h" />
    <ClInclude Include="Utils.h" />
    <ClInclude Include="Worms.h" />
  </ItemGroup>
</Project>